PODS:
  - ATSDK-Weex (0.0.1)
  - SDWebImage (3.7.5):
    - SDWebImage/Core (= 3.7.5)
  - SDWebImage/Core (3.7.5)
  - SocketRocket (0.4.2)
  - WeexSDK (0.10.1):
    - SocketRocket
  - WXDevtool (0.9.5):
    - WeexSDK

DEPENDENCIES:
  - ATSDK-Weex (= 0.0.1)
  - SDWebImage (= 3.7.5)
  - SocketRocket (= 0.4.2)
  - WeexSDK
  - WXDevtool

SPEC CHECKSUMS:
  ATSDK-Weex: 1b27558f4336d77fb97704d34fc6ad1fd468592c
  SDWebImage: 69c6303e3348fba97e03f65d65d4fbc26740f461
  SocketRocket: ffe08119b00ef982f6c37052a4705a057c8494ad
  WeexSDK: 19a8fbba9e241b90b13d172aac158205d3460ffb
  WXDevtool: 5135a5c6f4426fb635babb9eacfa14352bc66dc6

PODFILE CHECKSUM: 073ea99c21e94c81e2fa24843c9c11275fe3252b

COCOAPODS: 1.2.0
